{
  "lockfileVersion": 1,
  "configVersion": 1,
  "workspaces": {
    "": {
      "name": "little-maple",
      "dependencies": {
        "@opentui/core": "0.4.5",
        "@opentui/react": "0.4.5",
        "better-call": "^1.4.0",
        "opentui-math": "0.1.0",
        "react": "^19.2.0",
        "zod": "^4.4.3",
      },
      "devDependencies": {
        "@types/node": "^22.0.0",
        "@types/react": "^19.2.0",
        "tsx": "^4.20.0",
        "typescript": "^5.9.0",
      },
    },
  },
  "packages": {
    "@better-auth/utils": ["@better-auth/utils@0.5.0", "", { "dependencies": { "@noble/hashes": "^2.0.1" } }, "sha512-BL8W4EfIZFwlu0r54m3v1ztjDhu6dDe/amLTm0xybmbZaNgYUqhD3SjpAsnq0q8YD6/ki4iwIgxJNLP/N3TxiA=="],

    "@better-fetch/fetch": ["@better-fetch/fetch@1.3.1", "", {}, "sha512-ABkD1WhyfPZprKRQI3bhATjeiFuNWC9PXhfGWqL+sg/gKrM977oFrYkdb4msM3hgUGonr7KlOsOFT5TU2rht9g=="],

    "@esbuild/aix-ppc64": ["@esbuild/aix-ppc64@0.28.2", "", { "os": "aix", "cpu": "ppc64" }, "sha512-XExcO+dvLKvVtNTibSTBej1NCAbaGhWn9Ww1ZPx80qsahhPFe/8jgWP0IchNe0F3HwkU7n8ejhH8bjonqht8mQ=="],

    "@esbuild/android-arm": ["@esbuild/android-arm@0.28.2", "", { "os": "android", "cpu": "arm" }, "sha512-kXXoiPVVGQcnIYGOeaovwOURpniDBpSq4A03qkQ+BMQqtGG6HYap3xne9C1O1yo4TR3qxlCX5IqqmX6fFo2Lqg=="],

    "@esbuild/android-arm64": ["@esbuild/android-arm64@0.28.2", "", { "os": "android", "cpu": "arm64" }, "sha512-5YfKeeI8qWfBZIX+u2xZC3Zlb3Os/gLS2sbEKM+I4ZOcsWmHS2WLysCcQZDAFRslDUU5Oiq44gf6PYN1vGwG5A=="],

    "@esbuild/android-x64": ["@esbuild/android-x64@0.28.2", "", { "os": "android", "cpu": "x64" }, "sha512-O387ite7SzUyCcy3JQX4P4bLtEA7bLLkx+esve5JHnyYfNTxcVpXZo9jhdB0lTKN44gztELTdU7nS8Nr16Fs1Q=="],

    "@esbuild/darwin-arm64": ["@esbuild/darwin-arm64@0.28.2", "", { "os": "darwin", "cpu": "arm64" }, "sha512-n4KqkOQrraxHJcgjM1RvwbigfQKIKJVpM7xp+KsxiyUSrRdIXnt73VhrPAx0fV44hgfmIVKjxMN9J1t5jySVkw=="],

    "@esbuild/darwin-x64": ["@esbuild/darwin-x64@0.28.2", "", { "os": "darwin", "cpu": "x64" }, "sha512-uq6suIWYP37qzGddBKPw5QEQPi6HiLGsO7UmkpfyaYNQ3D+rN6w6WfwH+nuqcGXWvawGwxOEroO4YGnFh95azw=="],

    "@esbuild/freebsd-arm64": ["@esbuild/freebsd-arm64@0.28.2", "", { "os": "freebsd", "cpu": "arm64" }, "sha512-n+I0BTSRIoy+d6RPKnEVwql5UwBJolytvY4mAOIEJorKlqgPII8ix6slVVrfZ5Tnj7glIZvloylbB/EJPMWEXw=="],

    "@esbuild/freebsd-x64": ["@esbuild/freebsd-x64@0.28.2", "", { "os": "freebsd", "cpu": "x64" }, "sha512-78XJTJkvPs0kz2w61301PJjXl4g7q3JqiYMZ/M/yVI73EHBrCRTgkhu9oqG7vPqq+a/yadEW8aD+agKlk5xrmg=="],

    "@esbuild/linux-arm": ["@esbuild/linux-arm@0.28.2", "", { "os": "linux", "cpu": "arm" }, "sha512-XlDnu2q5yoqems+xay6wSAcg9DDD7K9RLKZEBOMZm3ckNpJBvOX20tSfby8KfrrhINDyv9V2YVZKY/SpoGJI8w=="],

    "@esbuild/linux-arm64": ["@esbuild/linux-arm64@0.28.2", "", { "os": "linux", "cpu": "arm64" }, "sha512-pW4AC0P3it8c7do9MVM4p51FzHzdM/TZrerurgRcHJ2WTa1VQ1CIq18xncfpBJw4ojkiZZrKW2yIBWBP92j6Ug=="],

    "@esbuild/linux-ia32": ["@esbuild/linux-ia32@0.28.2", "", { "os": "linux", "cpu": "ia32" }, "sha512-CYbnj78HsIeA+DhgUKgFCfvNsTHFhMMrinUrMZpDXJXKN8T3XViTZ/+wtHeVxEWY8ewSzTFN+nRmSwO2tZaLUQ=="],

    "@esbuild/linux-loong64": ["@esbuild/linux-loong64@0.28.2", "", { "os": "linux", "cpu": "none" }, "sha512-buwkd8nsph4R+ajRvw0qM5Hja/TXQow3ptzWO2EbG/cqcIkHloRrdlBtQlshyYGTNFvfkfJ5tpPLVkY4DtsPfQ=="],

    "@esbuild/linux-mips64el": ["@esbuild/linux-mips64el@0.28.2", "", { "os": "linux", "cpu": "none" }, "sha512-ZVykbDyk7519VwiNb9Lcj9m8XM6v5V9uKPvrEMkkEedVewf+0itkhahp4HDpgERXhwLRpWFypsGbG/J8s0QjJA=="],

    "@esbuild/linux-ppc64": ["@esbuild/linux-ppc64@0.28.2", "", { "os": "linux", "cpu": "ppc64" }, "sha512-CAXl+Dtd9UUuJd8pKKdwh6MLm3MUMiqMPmhZ3tTSXPqfyQ3vDl6R5hZdZ/kYojK4ofXtdfSv1tFq8XzWx3heNQ=="],

    "@esbuild/linux-riscv64": ["@esbuild/linux-riscv64@0.28.2", "", { "os": "linux", "cpu": "none" }, "sha512-GeXCej4IQtU1B+QlDV8W/RRvbzI3O/Stss+/bCXv4lZls5WGRtu2a+3JkA3i4qIUlMXpcHebWpF8AkJhATowuA=="],

    "@esbuild/linux-s390x": ["@esbuild/linux-s390x@0.28.2", "", { "os": "linux", "cpu": "s390x" }, "sha512-3H1weTYZPxt/WOhByszQZybS9w5lKzUn1FDMsgEChbHWQwHYQQRfBxgCcZvPhjHfKyJjIievvMmEUawJrdY9Dg=="],

    "@esbuild/linux-x64": ["@esbuild/linux-x64@0.28.2", "", { "os": "linux", "cpu": "x64" }, "sha512-4xTZr1FUmSoQW4XIWmit3tzQrUTZM+N3P0XV8xROKYF50XfI7xeO90+1bZvNwxIufQ9hDQVRJH5YhgPVF8A/HQ=="],

    "@esbuild/netbsd-arm64": ["@esbuild/netbsd-arm64@0.28.2", "", { "os": "none", "cpu": "arm64" }, "sha512-sSATRjPeDBg3pdgHoQfoYBob11Kk1FGa9lui5RIHZCoCkJa9QKlvl3/vKz2usCmYYjs7ymJR/2Nnsqe+Hjt5nw=="],

    "@esbuild/netbsd-x64": ["@esbuild/netbsd-x64@0.28.2", "", { "os": "none", "cpu": "x64" }, "sha512-lqnzCV+mM0gIADaKihiCg6ifgfU2L3h5E33rNQBN1Y4MaVGnzryzmvvf7UHxprpQdE8hpqLolJ9Rl+SkIRDpyw=="],

    "@esbuild/openbsd-arm64": ["@esbuild/openbsd-arm64@0.28.2", "", { "os": "openbsd", "cpu": "arm64" }, "sha512-AL2qJILH7lNjrDmCQDvdxMfAUIv8KMNZOvrwAQ8i8//ntL9FflhOyMJ8OZSMBb8/AWXe3/5v5S20y3zCoZWKoQ=="],

    "@esbuild/openbsd-x64": ["@esbuild/openbsd-x64@0.28.2", "", { "os": "openbsd", "cpu": "x64" }, "sha512-QtiuPytchRyC4rwUKhexJdQKvDuZ6hWloi3igqPQNUJCS1/v9EiO3UTOXR6A3FoMo4fnAKbWJdqaIwhOzh8qEw=="],

    "@esbuild/openharmony-arm64": ["@esbuild/openharmony-arm64@0.28.2", "", { "os": "none", "cpu": "arm64" }, "sha512-WkhYDmpTjLvGlScA1rwjRUmhl4k8oXR3cIbtqWmELgU/dFeHHlEllxDvdWcNJV9rbzCexB5vz8gtNewWLgCT7Q=="],

    "@esbuild/sunos-x64": ["@esbuild/sunos-x64@0.28.2", "", { "os": "sunos", "cpu": "x64" }, "sha512-GPMSkTOtMnv2U2F8gxe4Io6qmVs+YKyp832Etqqxr0hFngmXQ3rzwytelm3GIn7T4VviRUlf3sOgBOiTdvaf7g=="],

    "@esbuild/win32-arm64": ["@esbuild/win32-arm64@0.28.2", "", { "os": "win32", "cpu": "arm64" }, "sha512-PIhhEkE9uPBleRBrQEJpUn7MBnibZzbGzYWPmY3x+YoVg/95zbjB4CxPPOQ8l5tYYM4mMaCthF8/1DIfBQQyWQ=="],

    "@esbuild/win32-ia32": ["@esbuild/win32-ia32@0.28.2", "", { "os": "win32", "cpu": "ia32" }, "sha512-YmJbfTlvU7Sdn9BB+4PRES4oB6pxgS37MAONj+hBr/cpXS1aBPKXxNnDbu+QCWPj0o9dgyxeq79g6c5P8KeuYA=="],

    "@esbuild/win32-x64": ["@esbuild/win32-x64@0.28.2", "", { "os": "win32", "cpu": "x64" }, "sha512-5ebpxr3nWMzrL/rnUI755Jkuee0bHL/Gq0WTF9lvcpv73wAp5eu8MfBUgWK9bhWvZjj7yX8etf/8tI8Ney695g=="],

    "@mathjax/mathjax-newcm-font": ["@mathjax/mathjax-newcm-font@4.1.3", "", {}, "sha512-gzAB3dFHilHX1l5x2xUqRL+1jDQt3Fyza1DkEMVXWC4E8SvsGdlgEza47HYi2WhVcgfkvf4zgUGzuhbq3Pjlew=="],

    "@noble/hashes": ["@noble/hashes@2.3.0", "", {}, "sha512-oN+QwyX7VSHotibwubG3kpzbwKrfnyR6OOO+3Nk/53ADL7FmgHHz4TgrbaYKvvOw09u6QTx0oiH1cNCIOuN0CQ=="],

    "@opentui/core": ["@opentui/core@0.4.5", "", { "dependencies": { "bun-ffi-structs": "0.2.4", "diff": "9.0.0", "marked": "17.0.1", "string-width": "7.2.0", "strip-ansi": "7.1.2" }, "optionalDependencies": { "@opentui/core-darwin-arm64": "0.4.5", "@opentui/core-darwin-x64": "0.4.5", "@opentui/core-linux-arm64": "0.4.5", "@opentui/core-linux-arm64-musl": "0.4.5", "@opentui/core-linux-x64": "0.4.5", "@opentui/core-linux-x64-musl": "0.4.5", "@opentui/core-win32-arm64": "0.4.5", "@opentui/core-win32-x64": "0.4.5" }, "peerDependencies": { "web-tree-sitter": "0.25.10" } }, "sha512-JsgRTPkA6e+Vxmumxai6SElOSlRQkbzNKHlCfemlArRiLhfC1IZ9RXJo2QH4xSu+uBOWAM90uss73/pPlkdEig=="],

    "@opentui/core-darwin-arm64": ["@opentui/core-darwin-arm64@0.4.5", "", { "os": "darwin", "cpu": "arm64" }, "sha512-8KUG0oRidnR+oW1RSZJ72/PhZLl+qRRMk5U/mieF4c0SJ5V3tYACpBZAKzQfHNd1f7QzD8FHZct1lPpQgtmkWg=="],

    "@opentui/core-darwin-x64": ["@opentui/core-darwin-x64@0.4.5", "", { "os": "darwin", "cpu": "x64" }, "sha512-R2bocsg55gwjOqCp/MWFgFYzRmsduKegB6nzgFAPCvAD/L5Jf30xpWJWFlSg3x8vxe1L9WJ84dfqa4M7mZZ3wA=="],

    "@opentui/core-linux-arm64": ["@opentui/core-linux-arm64@0.4.5", "", { "os": "linux", "cpu": "arm64" }, "sha512-R4MZ25a4CzOAGVjW9aj1hUfzQGVfCJwrwBDbNs2SXaIvzcZqkxCVtU4FoQ5LsaD0j/BdNQVg2CIfFkFsm1fDuQ=="],

    "@opentui/core-linux-arm64-musl": ["@opentui/core-linux-arm64-musl@0.4.5", "", { "os": "linux", "cpu": "arm64" }, "sha512-ieqdyKI6EIYPalYAETB2wsdP83hr5Ifi+dFnBFUmdEEFHsoKwBmn2S7bsTOYlX7Bg03F4/YPIg+IvRpeC+cUJw=="],

    "@opentui/core-linux-x64": ["@opentui/core-linux-x64@0.4.5", "", { "os": "linux", "cpu": "x64" }, "sha512-SNyuQoxMKI1vuJhgxSSW96adWM6LqFl2SoS3GM4tGeneGOanVVG2Y06PvlytXvF4cKik97t0rqkVMRetmOs93w=="],

    "@opentui/core-linux-x64-musl": ["@opentui/core-linux-x64-musl@0.4.5", "", { "os": "linux", "cpu": "x64" }, "sha512-mKVKcIcPiSVVZZsdPSBoWwoa2/TCeQAaMDeHF7PFw2kt5bTXZPP7xxWfRQLCNIcA1eaGl59UuwUWHDR2Ve548Q=="],

    "@opentui/core-win32-arm64": ["@opentui/core-win32-arm64@0.4.5", "", { "os": "win32", "cpu": "arm64" }, "sha512-GHTTsqeR45q2Iek9Rb7ty+x/hAKn2jZ1ujlCgPR8LBKyF7h0E1dNFryoZ7ehMc3kJndP1sKn836IemKFqxuDdQ=="],

    "@opentui/core-win32-x64": ["@opentui/core-win32-x64@0.4.5", "", { "os": "win32", "cpu": "x64" }, "sha512-Y8T/yXCDGagRGiQrtmuB6AhRcPucKFs/Dre3v8kJwNYqDccI4FzUPKclZ7djfmRZNjl7JUqPhZZP/PwDpQocMg=="],

    "@opentui/react": ["@opentui/react@0.4.5", "", { "dependencies": { "@opentui/core": "0.4.5", "react-reconciler": "^0.33.0" }, "peerDependencies": { "react": ">=19.2.0", "react-devtools-core": "^7.0.1", "ws": "^8.18.0" } }, "sha512-n88Vx0cMmAu++/S14WscjvdcT46IDcxve02jMtcfHQ9j6cySRHfILfGEpOB7xxc8RpCwQceEyOjkKkfzPzm6Jg=="],

    "@resvg/resvg-js": ["@resvg/resvg-js@2.6.2", "", { "optionalDependencies": { "@resvg/resvg-js-android-arm-eabi": "2.6.2", "@resvg/resvg-js-android-arm64": "2.6.2", "@resvg/resvg-js-darwin-arm64": "2.6.2", "@resvg/resvg-js-darwin-x64": "2.6.2", "@resvg/resvg-js-linux-arm-gnueabihf": "2.6.2", "@resvg/resvg-js-linux-arm64-gnu": "2.6.2", "@resvg/resvg-js-linux-arm64-musl": "2.6.2", "@resvg/resvg-js-linux-x64-gnu": "2.6.2", "@resvg/resvg-js-linux-x64-musl": "2.6.2", "@resvg/resvg-js-win32-arm64-msvc": "2.6.2", "@resvg/resvg-js-win32-ia32-msvc": "2.6.2", "@resvg/resvg-js-win32-x64-msvc": "2.6.2" } }, "sha512-xBaJish5OeGmniDj9cW5PRa/PtmuVU3ziqrbr5xJj901ZDN4TosrVaNZpEiLZAxdfnhAe7uQ7QFWfjPe9d9K2Q=="],

    "@resvg/resvg-js-android-arm-eabi": ["@resvg/resvg-js-android-arm-eabi@2.6.2", "", { "os": "android", "cpu": "arm" }, "sha512-FrJibrAk6v29eabIPgcTUMPXiEz8ssrAk7TXxsiZzww9UTQ1Z5KAbFJs+Z0Ez+VZTYgnE5IQJqBcoSiMebtPHA=="],

    "@resvg/resvg-js-android-arm64": ["@resvg/resvg-js-android-arm64@2.6.2", "", { "os": "android", "cpu": "arm64" }, "sha512-VcOKezEhm2VqzXpcIJoITuvUS/fcjIw5NA/w3tjzWyzmvoCdd+QXIqy3FBGulWdClvp4g+IfUemigrkLThSjAQ=="],

    "@resvg/resvg-js-darwin-arm64": ["@resvg/resvg-js-darwin-arm64@2.6.2", "", { "os": "darwin", "cpu": "arm64" }, "sha512-nmok2LnAd6nLUKI16aEB9ydMC6Lidiiq2m1nEBDR1LaaP7FGs4AJ90qDraxX+CWlVuRlvNjyYJTNv8qFjtL9+A=="],

    "@resvg/resvg-js-darwin-x64": ["@resvg/resvg-js-darwin-x64@2.6.2", "", { "os": "darwin", "cpu": "x64" }, "sha512-GInyZLjgWDfsVT6+SHxQVRwNzV0AuA1uqGsOAW+0th56J7Nh6bHHKXHBWzUrihxMetcFDmQMAX1tZ1fZDYSRsw=="],

    "@resvg/resvg-js-linux-arm-gnueabihf": ["@resvg/resvg-js-linux-arm-gnueabihf@2.6.2", "", { "os": "linux", "cpu": "arm" }, "sha512-YIV3u/R9zJbpqTTNwTZM5/ocWetDKGsro0SWp70eGEM9eV2MerWyBRZnQIgzU3YBnSBQ1RcxRZvY/UxwESfZIw=="],

    "@resvg/resvg-js-linux-arm64-gnu": ["@resvg/resvg-js-linux-arm64-gnu@2.6.2", "", { "os": "linux", "cpu": "arm64" }, "sha512-zc2BlJSim7YR4FZDQ8OUoJg5holYzdiYMeobb9pJuGDidGL9KZUv7SbiD4E8oZogtYY42UZEap7dqkkYuA91pg=="],

    "@resvg/resvg-js-linux-arm64-musl": ["@resvg/resvg-js-linux-arm64-musl@2.6.2", "", { "os": "linux", "cpu": "arm64" }, "sha512-3h3dLPWNgSsD4lQBJPb4f+kvdOSJHa5PjTYVsWHxLUzH4IFTJUAnmuWpw4KqyQ3NA5QCyhw4TWgxk3jRkQxEKg=="],

    "@resvg/resvg-js-linux-x64-gnu": ["@resvg/resvg-js-linux-x64-gnu@2.6.2", "", { "os": "linux", "cpu": "x64" }, "sha512-IVUe+ckIerA7xMZ50duAZzwf1U7khQe2E0QpUxu5MBJNao5RqC0zwV/Zm965vw6D3gGFUl7j4m+oJjubBVoftw=="],

    "@resvg/resvg-js-linux-x64-musl": ["@resvg/resvg-js-linux-x64-musl@2.6.2", "", { "os": "linux", "cpu": "x64" }, "sha512-UOf83vqTzoYQO9SZ0fPl2ZIFtNIz/Rr/y+7X8XRX1ZnBYsQ/tTb+cj9TE+KHOdmlTFBxhYzVkP2lRByCzqi4jQ=="],

    "@resvg/resvg-js-win32-arm64-msvc": ["@resvg/resvg-js-win32-arm64-msvc@2.6.2", "", { "os": "win32", "cpu": "arm64" }, "sha512-7C/RSgCa+7vqZ7qAbItfiaAWhyRSoD4l4BQAbVDqRRsRgY+S+hgS3in0Rxr7IorKUpGE69X48q6/nOAuTJQxeQ=="],

    "@resvg/resvg-js-win32-ia32-msvc": ["@resvg/resvg-js-win32-ia32-msvc@2.6.2", "", { "os": "win32", "cpu": "ia32" }, "sha512-har4aPAlvjnLcil40AC77YDIk6loMawuJwFINEM7n0pZviwMkMvjb2W5ZirsNOZY4aDbo5tLx0wNMREp5Brk+w=="],

    "@resvg/resvg-js-win32-x64-msvc": ["@resvg/resvg-js-win32-x64-msvc@2.6.2", "", { "os": "win32", "cpu": "x64" }, "sha512-ZXtYhtUr5SSaBrUDq7DiyjOFJqBVL/dOBN7N/qmi/pO0IgiWW/f/ue3nbvu9joWE5aAKDoIzy/CxsY0suwGosQ=="],

    "@types/node": ["@types/node@22.20.1", "", { "dependencies": { "undici-types": "~6.21.0" } }, "sha512-EANqOCF9QFyra+4pfxUcX9STKJpCLjMbObVzljIJomAWSnuSIEAvyzEU53GaajbXJEgdh0iEcPL+DGvpUd4k1Q=="],

    "@types/react": ["@types/react@19.2.18", "", { "dependencies": { "csstype": "^3.2.2" } }, "sha512-AnzbBERsrLKtk2XSfTbYRLjQPdy116Sty4q+T+Bp3IC4l6jNBvreVPAHmpq9qhXQM7CXZPjLVmGMw9sy+hxQ3w=="],

    "ansi-regex": ["ansi-regex@6.3.0", "", {}, "sha512-WpDfL7NO6j7tH88IDBNVdUJxDh9nmCteAVW9dsep846XdwF4naCBK+/tGLX3KJgcpgMRXCFlTM2hKGoK9FsdrQ=="],

    "better-call": ["better-call@1.4.0", "", { "dependencies": { "@better-auth/utils": "^0.5.0", "@better-fetch/fetch": "^1.3.1", "rou3": "^0.9.1", "set-cookie-parser": "^3.1.2" }, "peerDependencies": { "zod": "^4.0.0" }, "optionalPeers": ["zod"] }, "sha512-bBKOT4vv1kZLDgxVePdilk/Jwkn+dtRRsmi3DzHcDP+WnswyVl6dR59l2HEeP/0cB+bDoopASAesWDPIdd/zZA=="],

    "bun-ffi-structs": ["bun-ffi-structs@0.2.4", "", { "peerDependencies": { "typescript": "^5" } }, "sha512-AJzsqoVFs1KBbJbWHIYrVZLDC3NhTqqh25awRXqzoLzmBAKr5oqk6+CwuYHAekKx+VBCYVohBoKuRq40dV+TYg=="],

    "csstype": ["csstype@3.2.3", "", {}, "sha512-z1HGKcYy2xA8AGQfwrn0PAy+PB7X/GSj3UVJW9qKyn43xWa+gl5nXmU4qqLMRzWVLFC8KusUX8T/0kCiOYpAIQ=="],

    "diff": ["diff@9.0.0", "", {}, "sha512-svtcdpS8CgJyqAjEQIXdb3OjhFVVYjzGAPO8WGCmRbrml64SPw/jJD4GoE98aR7r25A0XcgrK3F02yw9R/vhQw=="],

    "emoji-regex": ["emoji-regex@10.6.0", "", {}, "sha512-toUI84YS5YmxW219erniWD0CIVOo46xGKColeNQRgOzDorgBi1v4D71/OFzgD9GO2UGKIv1C3Sp8DAn0+j5w7A=="],

    "esbuild": ["esbuild@0.28.2", "", { "optionalDependencies": { "@esbuild/aix-ppc64": "0.28.2", "@esbuild/android-arm": "0.28.2", "@esbuild/android-arm64": "0.28.2", "@esbuild/android-x64": "0.28.2", "@esbuild/darwin-arm64": "0.28.2", "@esbuild/darwin-x64": "0.28.2", "@esbuild/freebsd-arm64": "0.28.2", "@esbuild/freebsd-x64": "0.28.2", "@esbuild/linux-arm": "0.28.2", "@esbuild/linux-arm64": "0.28.2", "@esbuild/linux-ia32": "0.28.2", "@esbuild/linux-loong64": "0.28.2", "@esbuild/linux-mips64el": "0.28.2", "@esbuild/linux-ppc64": "0.28.2", "@esbuild/linux-riscv64": "0.28.2", "@esbuild/linux-s390x": "0.28.2", "@esbuild/linux-x64": "0.28.2", "@esbuild/netbsd-arm64": "0.28.2", "@esbuild/netbsd-x64": "0.28.2", "@esbuild/openbsd-arm64": "0.28.2", "@esbuild/openbsd-x64": "0.28.2", "@esbuild/openharmony-arm64": "0.28.2", "@esbuild/sunos-x64": "0.28.2", "@esbuild/win32-arm64": "0.28.2", "@esbuild/win32-ia32": "0.28.2", "@esbuild/win32-x64": "0.28.2" }, "bin": { "esbuild": "bin/esbuild" } }, "sha512-HKVLS8dvII+xoKW9kmqxbRKrnWEXfJJr/FZhhJmiqIB0e053QNYFqOBouTMO/k5sID4MvCiUCvv8b9M4h32wIA=="],

    "fsevents": ["fsevents@2.3.3", "", { "os": "darwin" }, "sha512-5xoDfX+fL7faATnagmWPpbFtwh/R77WmMMqqHGS65C3vvB0YHrgF+B1YmZ3441tMj5n63k0212XNoJwzlhffQw=="],

    "get-east-asian-width": ["get-east-asian-width@1.6.0", "", {}, "sha512-QRbvDIbx6YklUe6RxeTeleMR0yv3cYH6PsPZHcnVn7xv7zO1BHN8r0XETu8n6Ye3Q+ahtSarc3WgtNWmehIBfA=="],

    "marked": ["marked@17.0.1", "", { "bin": { "marked": "bin/marked.js" } }, "sha512-boeBdiS0ghpWcSwoNm/jJBwdpFaMnZWRzjA6SkUMYb40SVaN1x7mmfGKp0jvexGcx+7y2La5zRZsYFZI6Qpypg=="],

    "mathjax": ["mathjax@4.1.3", "", { "dependencies": { "@mathjax/mathjax-newcm-font": "^4.1.3" } }, "sha512-BN/8Pkgn7G1pIDYJqd9md+JHsE/jydSYbyOZnSdSA0WziuVO8mRxdYiWFumkVVly/8U+hm9DpIIoWuvySverzw=="],

    "opentui-math": ["opentui-math@0.1.0", "", { "dependencies": { "@resvg/resvg-js": "2.6.2", "mathjax": "4.1.3" }, "peerDependencies": { "@opentui/core": ">=0.4.5", "@opentui/react": ">=0.4.5", "@opentui/solid": ">=0.4.5" }, "optionalPeers": ["@opentui/react", "@opentui/solid"] }, "sha512-SfGKOogZHXY1YGCSiV9+fFDveiGnm6zrb3ts0LVeb57V6Hzc1vz1xl806L1UVYqC/iKjaDWM8sSrWopduTXapw=="],

    "react": ["react@19.2.8", "", {}, "sha512-PWaYA1L/q9u2u7xYQi+Y3L3Yfnie7XyLeaJICV1MGD6LprsBxcAqGjYyr0eY3p+QdsA+x/Irkt4Qif8D63+Sbw=="],

    "react-devtools-core": ["react-devtools-core@7.0.1", "", { "dependencies": { "shell-quote": "^1.6.1", "ws": "^7" } }, "sha512-C3yNvRHaizlpiASzy7b9vbnBGLrhvdhl1CbdU6EnZgxPNbai60szdLtl+VL76UNOt5bOoVTOz5rNWZxgGt+Gsw=="],

    "react-reconciler": ["react-reconciler@0.33.0", "", { "dependencies": { "scheduler": "^0.27.0" }, "peerDependencies": { "react": "^19.2.0" } }, "sha512-KetWRytFv1epdpJc3J4G75I4WrplZE5jOL7Yq0p34+OVOKF4Se7WrdIdVC45XsSSmUTlht2FM/fM1FZb1mfQeA=="],

    "rou3": ["rou3@0.9.2", "", {}, "sha512-3SOzvaAg8rkHrXtRjpCvCvbyO5to9oOO27Z/XqHEYXfMRVSw/qMIVdmaOk9W2lcRLtR6dlqTjo9hDeJk70QBYQ=="],

    "scheduler": ["scheduler@0.27.0", "", {}, "sha512-eNv+WrVbKu1f3vbYJT/xtiF5syA5HPIMtf9IgY/nKg0sWqzAUEvqY/xm7OcZc/qafLx/iO9FgOmeSAp4v5ti/Q=="],

    "set-cookie-parser": ["set-cookie-parser@3.1.2", "", {}, "sha512-5/r/lTwbJ3zQ+qwdUFZYeRNqda7P5HD8zQKqlSjdGt1/S0cjLAphHusj4Y58ahDtWn/g32xrIS58/ikOvwl0Lw=="],

    "shell-quote": ["shell-quote@1.10.0", "", {}, "sha512-w1aiOKwKuRgtwAReIIj89puqg+I7GvX4IbLrvmhXbzQsj1+Zwi4VO3+fa6ZF91TWSjIxoEkKnMeHcLEODK5ZXA=="],

    "string-width": ["string-width@7.2.0", "", { "dependencies": { "emoji-regex": "^10.3.0", "get-east-asian-width": "^1.0.0", "strip-ansi": "^7.1.0" } }, "sha512-tsaTIkKW9b4N+AEj+SVA+WhJzV7/zMhcSu78mLKWSk7cXMOSHsBKFWUs0fWwq8QyK3MgJBQRX6Gbi4kYbdvGkQ=="],

    "strip-ansi": ["strip-ansi@7.1.2", "", { "dependencies": { "ansi-regex": "^6.0.1" } }, "sha512-gmBGslpoQJtgnMAvOVqGZpEz9dyoKTCzy2nfz/n8aIFhN/jCE/rCmcxabB6jOOHV+0WNnylOxaxBQPSvcWklhA=="],

    "tsx": ["tsx@4.23.12", "", { "dependencies": { "esbuild": "~0.28.0" }, "optionalDependencies": { "fsevents": "~2.3.3" }, "bin": { "tsx": "dist/cli.mjs" } }, "sha512-FDf4L4sYzKtzWYhU/Xm0AQFdTjdIxNo9ElTf2mxXM6k8YMHXzYUe4yODVaXP4V9uMFbVg8c0qyBccK2OOxb45Q=="],

    "typescript": ["typescript@5.9.3", "", { "bin": { "tsc": "bin/tsc", "tsserver": "bin/tsserver" } }, "sha512-jl1vZzPDinLr9eUt3J/t7V6FgNEw9QjvBPdysz9KfQDD41fQrC2Y4vKQdiaUpFT4bXlb1RHhLpp8wtm6M5TgSw=="],

    "undici-types": ["undici-types@6.21.0", "", {}, "sha512-iwDZqg0QAGrg9Rav5H4n0M64c3mkR59cJ6wQp+7C4nI0gsmExaedaYLNO44eT4AtBBwjbTiGPMlt2Md0T9H9JQ=="],

    "web-tree-sitter": ["web-tree-sitter@0.25.10", "", { "peerDependencies": { "@types/emscripten": "^1.40.0" }, "optionalPeers": ["@types/emscripten"] }, "sha512-Y09sF44/13XvgVKgO2cNDw5rGk6s26MgoZPXLESvMXeefBf7i6/73eFurre0IsTW6E14Y0ArIzhUMmjoc7xyzA=="],

    "ws": ["ws@8.21.3", "", { "peerDependencies": { "bufferutil": "^4.0.1", "utf-8-validate": ">=5.0.2" }, "optionalPeers": ["bufferutil", "utf-8-validate"] }, "sha512-201TZ/kPWxoPr/OKWjquZR1SWKXcvxdH+e1xrx89b3YbmzLMFCLfnaG1HFIgWzJOEWZ7MvpK++odZufgYR50Rw=="],

    "zod": ["zod@4.4.3", "", {}, "sha512-ytENFjIJFl2UwYglde2jchW2Hwm4GJFLDiSXWdTrJQBIN9Fcyp7n4DhxJEiWNAJMV1/BqWfW/kkg71UDcHJyTQ=="],

    "react-devtools-core/ws": ["ws@7.5.13", "", { "peerDependencies": { "bufferutil": "^4.0.1", "utf-8-validate": "^5.0.2" }, "optionalPeers": ["bufferutil", "utf-8-validate"] }, "sha512-rsKI6xDBFVf4r/x8XyChGK04QR/XHroxs/jUcoWvtEZM8TPU/X/uIY9B1CsSzYws9ZJb/6bbBu7dPhFW00CAoA=="],
  }
}
